
Microsoft Visual Studio Solution File, Format Version 12.00
# Visual Studio Version 17
VisualStudioVersion = 17.8.34525.116
MinimumVisualStudioVersion = 10.0.40219.1
Project("{FAE04EC0-301F-11D3-BF4B-00C04F79EFBC}") = "CloudKit", "CloudKit\CloudKit.csproj", "{F25F4790-21D1-4732-ADAD-2F8118578958}"
EndProject
Global
	GlobalSection(SolutionConfigurationPlatforms) = preSolution
		Debug|Any CPU = Debug|Any CPU
		Release|Any CPU = Release|Any CPU
	EndGlobalSection
	GlobalSection(ProjectConfigurationPlatforms) = postSolution
		{F25F4790-21D1-4732-ADAD-2F8118578958}.Debug|Any CPU.ActiveCfg = Debug|Any CPU
		{F25F4790-21D1-4732-ADAD-2F8118578958}.Debug|Any CPU.Build.0 = Debug|Any CPU
		{F25F4790-21D1-4732-ADAD-2F8118578958}.Release|Any CPU.ActiveCfg = Release|Any CPU
		{F25F4790-21D1-4732-ADAD-2F8118578958}.Release|Any CPU.Build.0 = Release|Any CPU
	EndGlobalSection
	GlobalSection(SolutionProperties) = preSolution
		HideSolutionNode = FALSE
	EndGlobalSection
	GlobalSection(ExtensibilityGlobals) = postSolution
		SolutionGuid = {60C98D2B-29E1-4D7D-A356-9124694D739C}
	EndGlobalSection
EndGlobal
